<Solution>
  <Folder Name="/samples/">
    <File Path="samples\README.md" />
    <Project Path="samples/StringVsStringBuilder/StringVsStringBuilder.csproj" />
  </Folder>
  <Folder Name="/src/">
    <File Path="src\README.md" />
    <Project Path="src/Pico.Bench/Pico.Bench.csproj" />
  </Folder>
  <Folder Name="/tests/">
    <File Path="tests\README.md" />
  </Folder>
</Solution>